// !$*UTF8*$!
{
	archiveVersion = 1;
	classes = {
	};
	objectVersion = 50;
	objects = {

/* Begin PBXBuildFile section */
		F702BA3F291A3C4D005CF2F4 /* AppDelegate.swift in Sources */ = {isa = PBXBuildFile; fileRef = F702BA3E291A3C4D005CF2F4 /* AppDelegate.swift */; };
		F702BA41291A3C4D005CF2F4 /* SceneDelegate.swift in Sources */ = {isa = PBXBuildFile; fileRef = F702BA40291A3C4D005CF2F4 /* SceneDelegate.swift */; };
		F702BA43291A3C4D005CF2F4 /* ViewController.swift in Sources */ = {isa = PBXBuildFile; fileRef = F702BA42291A3C4D005CF2F4 /* ViewController.swift */; };
		F702BA46291A3C4D005CF2F4 /* Main.storyboard in Resources */ = {isa = PBXBuildFile; fileRef = F702BA44291A3C4D005CF2F4 /* Main.storyboard */; };
		F702BA48291A3C51005CF2F4 /* Assets.xcassets in Resources */ = {isa = PBXBuildFile; fileRef = F702BA47291A3C51005CF2F4 /* Assets.xcassets */; };
		F702BA4B291A3C51005CF2F4 /* LaunchScreen.storyboard in Resources */ = {isa = PBXBuildFile; fileRef = F702BA49291A3C51005CF2F4 /* LaunchScreen.storyboard */; };
		F702BA55291A3D11005CF2F4 /* LoginViewModel.swift in Sources */ = {isa = PBXBuildFile; fileRef = F702BA54291A3D11005CF2F4 /* LoginViewModel.swift */; };
		F702BA57291A3D1D005CF2F4 /* User.swift in Sources */ = {isa = PBXBuildFile; fileRef = F702BA56291A3D1D005CF2F4 /* User.swift */; };
		F702BA59291A3D3B005CF2F4 /* LoginViewController.swift in Sources */ = {isa = PBXBuildFile; fileRef = F702BA58291A3D3B005CF2F4 /* LoginViewController.swift */; };
		F702BA5B291A4751005CF2F4 /* Network.swift in Sources */ = {isa = PBXBuildFile; fileRef = F702BA5A291A4751005CF2F4 /* Network.swift */; };
/* End PBXBuildFile section */

/* Begin PBXFileReference section */
		F702BA3B291A3C4D005CF2F4 /* SALT Technical Test App.app */ = {isa = PBXFileReference; explicitFileType = wrapper.application; includeInIndex = 0; path = "SALT Technical Test App.app"; sourceTree = BUILT_PRODUCTS_DIR; };
		F702BA3E291A3C4D005CF2F4 /* AppDelegate.swift */ = {isa = PBXFileReference; lastKnownFileType = sourcecode.swift; path = AppDelegate.swift; sourceTree = "<group>"; };
		F702BA40291A3C4D005CF2F4 /* SceneDelegate.swift */ = {isa = PBXFileReference; lastKnownFileType = sourcecode.swift; path = SceneDelegate.swift; sourceTree = "<group>"; };
		F702BA42291A3C4D005CF2F4 /* ViewController.swift */ = {isa = PBXFileReference; lastKnownFileType = sourcecode.swift; path = ViewController.swift; sourceTree = "<group>"; };
		F702BA45291A3C4D005CF2F4 /* Base */ = {isa = PBXFileReference; lastKnownFileType = file.storyboard; name = Base; path = Base.lproj/Main.storyboard; sourceTree = "<group>"; };
		F702BA47291A3C51005CF2F4 /* Assets.xcassets */ = {isa = PBXFileReference; lastKnownFileType = folder.assetcatalog; path = Assets.xcassets; sourceTree = "<group>"; };
		F702BA4A291A3C51005CF2F4 /* Base */ = {isa = PBXFileReference; lastKnownFileType = file.storyboard; name = Base; path = Base.lproj/LaunchScreen.storyboard; sourceTree = "<group>"; };
		F702BA4C291A3C51005CF2F4 /* Info.plist */ = {isa = PBXFileReference; lastKnownFileType = text.plist.xml; path = Info.plist; sourceTree = "<group>"; };
		F702BA54291A3D11005CF2F4 /* LoginViewModel.swift */ = {isa = PBXFileReference; lastKnownFileType = sourcecode.swift; path = LoginViewModel.swift; sourceTree = "<group>"; };
		F702BA56291A3D1D005CF2F4 /* User.swift */ = {isa = PBXFileReference; lastKnownFileType = sourcecode.swift; path = User.swift; sourceTree = "<group>"; };
		F702BA58291A3D3B005CF2F4 /* LoginViewController.swift */ = {isa = PBXFileReference; lastKnownFileType = sourcecode.swift; path = LoginViewController.swift; sourceTree = "<group>"; };
		F702BA5A291A4751005CF2F4 /* Network.swift */ = {isa = PBXFileReference; lastKnownFileType = sourcecode.swift; path = Network.swift; sourceTree = "<group>"; };
/* End PBXFileReference section */

/* Begin PBXFrameworksBuildPhase section */
		F702BA38291A3C4D005CF2F4 /* Frameworks */ = {
			isa = PBXFrameworksBuildPhase;
			buildActionMask = 2147483647;
			files = (
			);
			runOnlyForDeploymentPostprocessing = 0;
		};
/* End PBXFrameworksBuildPhase section */

/* Begin PBXGroup section */
		F702BA32291A3C4D005CF2F4 = {
			isa = PBXGroup;
			children = (
				F702BA3D291A3C4D005CF2F4 /* SALT Technical Test App */,
				F702BA3C291A3C4D005CF2F4 /* Products */,
			);
			sourceTree = "<group>";
		};
		F702BA3C291A3C4D005CF2F4 /* Products */ = {
			isa = PBXGroup;
			children = (
				F702BA3B291A3C4D005CF2F4 /* SALT Technical Test App.app */,
			);
			name = Products;
			sourceTree = "<group>";
		};
		F702BA3D291A3C4D005CF2F4 /* SALT Technical Test App */ = {
			isa = PBXGroup;
			children = (
				F702BA3E291A3C4D005CF2F4 /* AppDelegate.swift */,
				F702BA40291A3C4D005CF2F4 /* SceneDelegate.swift */,
				F702BA42291A3C4D005CF2F4 /* ViewController.swift */,
				F702BA44291A3C4D005CF2F4 /* Main.storyboard */,
				F702BA47291A3C51005CF2F4 /* Assets.xcassets */,
				F702BA49291A3C51005CF2F4 /* LaunchScreen.storyboard */,
				F702BA4C291A3C51005CF2F4 /* Info.plist */,
				F702BA54291A3D11005CF2F4 /* LoginViewModel.swift */,
				F702BA56291A3D1D005CF2F4 /* User.swift */,
				F702BA58291A3D3B005CF2F4 /* LoginViewController.swift */,
				F702BA5A291A4751005CF2F4 /* Network.swift */,
			);
			path = "SALT Technical Test App";
			sourceTree = "<group>";
		};
/* End PBXGroup section */

/* Begin PBXNativeTarget section */
		F702BA3A291A3C4D005CF2F4 /* SALT Technical Test App */ = {
			isa = PBXNativeTarget;
			buildConfigurationList = F702BA4F291A3C51005CF2F4 /* Build configuration list for PBXNativeTarget "SALT Technical Test App" */;
			buildPhases = (
				F702BA37291A3C4D005CF2F4 /* Sources */,
				F702BA38291A3C4D005CF2F4 /* Frameworks */,
				F702BA39291A3C4D005CF2F4 /* Resources */,
			);
			buildRules = (
			);
			dependencies = (
			);
			name = "SALT Technical Test App";
			productName = "SALT Technical Test App";
			productReference = F702BA3B291A3C4D005CF2F4 /* SALT Technical Test App.app */;
			productType = "com.apple.product-type.application";
		};
/* End PBXNativeTarget section */

/* Begin PBXProject section */
		F702BA33291A3C4D005CF2F4 /* Project object */ = {
			isa = PBXProject;
			attributes = {
				LastSwiftUpdateCheck = 1160;
				LastUpgradeCheck = 1160;
				ORGANIZATIONNAME = "Dany Hakim";
				TargetAttributes = {
					F702BA3A291A3C4D005CF2F4 = {
						CreatedOnToolsVersion = 11.6;
					};
				};
			};
			buildConfigurationList = F702BA36291A3C4D005CF2F4 /* Build configuration list for PBXProject "SALT Technical Test App" */;
			compatibilityVersion = "Xcode 9.3";
			developmentRegion = en;
			hasScannedForEncodings = 0;
			knownRegions = (
				en,
				Base,
			);
			mainGroup = F702BA32291A3C4D005CF2F4;
			productRefGroup = F702BA3C291A3C4D005CF2F4 /* Products */;
			projectDirPath = "";
			projectRoot = "";
			targets = (
				F702BA3A291A3C4D005CF2F4 /* SALT Technical Test App */,
			);
		};
/* End PBXProject section */

/* Begin PBXResourcesBuildPhase section */
		F702BA39291A3C4D005CF2F4 /* Resources */ = {
			isa = PBXResourcesBuildPhase;
			buildActionMask = 2147483647;
			files = (
				F702BA4B291A3C51005CF2F4 /* LaunchScreen.storyboard in Resources */,
				F702BA48291A3C51005CF2F4 /* Assets.xcassets in Resources */,
				F702BA46291A3C4D005CF2F4 /* Main.storyboard in Resources */,
			);
			runOnlyForDeploymentPostprocessing = 0;
		};
/* End PBXResourcesBuildPhase section */

/* Begin PBXSourcesBuildPhase section */
		F702BA37291A3C4D005CF2F4 /* Sources */ = {
			isa = PBXSourcesBuildPhase;
			buildActionMask = 2147483647;
			files = (
				F702BA59291A3D3B005CF2F4 /* LoginViewController.swift in Sources */,
				F702BA43291A3C4D005CF2F4 /* ViewController.swift in Sources */,
				F702BA5B291A4751005CF2F4 /* Network.swift in Sources */,
				F702BA3F291A3C4D005CF2F4 /* AppDelegate.swift in Sources */,
				F702BA57291A3D1D005CF2F4 /* User.swift in Sources */,
				F702BA41291A3C4D005CF2F4 /* SceneDelegate.swift in Sources */,
				F702BA55291A3D11005CF2F4 /* LoginViewModel.swift in Sources */,
			);
			runOnlyForDeploymentPostprocessing = 0;
		};
/* End PBXSourcesBuildPhase section */

/* Begin PBXVariantGroup section */
		F702BA44291A3C4D005CF2F4 /* Main.storyboard */ = {
			isa = PBXVariantGroup;
			children = (
				F702BA45291A3C4D005CF2F4 /* Base */,
			);
			name = Main.storyboard;
			sourceTree = "<group>";
		};
		F702BA49291A3C51005CF2F4 /* LaunchScreen.storyboard */ = {
			isa = PBXVariantGroup;
			children = (
				F702BA4A291A3C51005CF2F4 /* Base */,
			);
			name = LaunchScreen.storyboard;
			sourceTree = "<group>";
		};
/* End PBXVariantGroup section */

/* Begin XCBuildConfiguration section */
		F702BA4D291A3C51005CF2F4 /* Debug */ = {
			isa = XCBuildConfiguration;
			buildSettings = {
				ALWAYS_SEARCH_USER_PATHS = NO;
				CLANG_ANALYZER_NONNULL = YES;
				CLANG_ANALYZER_NUMBER_OBJECT_CONVERSION = YES_AGGRESSIVE;
				CLANG_CXX_LANGUAGE_STANDARD = "gnu++14";
				CLANG_CXX_LIBRARY = "libc++";
				CLANG_ENABLE_MODULES = YES;
				CLANG_ENABLE_OBJC_ARC = YES;
				CLANG_ENABLE_OBJC_WEAK = YES;
				CLANG_WARN_BLOCK_CAPTURE_AUTORELEASING = YES;
				CLANG_WARN_BOOL_CONVERSION = YES;
				CLANG_WARN_COMMA = YES;
				CLANG_WARN_CONSTANT_CONVERSION = YES;
				CLANG_WARN_DEPRECATED_OBJC_IMPLEMENTATIONS = YES;
				CLANG_WARN_DIRECT_OBJC_ISA_USAGE = YES_ERROR;
				CLANG_WARN_DOCUMENTATION_COMMENTS = YES;
				CLANG_WARN_EMPTY_BODY = YES;
				CLANG_WARN_ENUM_CONVERSION = YES;
				CLANG_WARN_INFINITE_RECURSION = YES;
				CLANG_WARN_INT_CONVERSION = YES;
				CLANG_WARN_NON_LITERAL_NULL_CONVERSION = YES;
				CLANG_WARN_OBJC_IMPLICIT_RETAIN_SELF = YES;
				CLANG_WARN_OBJC_LITERAL_CONVERSION = YES;
				CLANG_WARN_OBJC_ROOT_CLASS = YES_ERROR;
				CLANG_WARN_RANGE_LOOP_ANALYSIS = YES;
				CLANG_WARN_STRICT_PROTOTYPES = YES;
				CLANG_WARN_SUSPICIOUS_MOVE = YES;
				CLANG_WARN_UNGUARDED_AVAILABILITY = YES_AGGRESSIVE;
				CLANG_WARN_UNREACHABLE_CODE = YES;
				CLANG_WARN__DUPLICATE_METHOD_MATCH = YES;
				COPY_PHASE_STRIP = NO;
				DEBUG_INFORMATION_FORMAT = dwarf;
				ENABLE_STRICT_OBJC_MSGSEND = YES;
				ENABLE_TESTABILITY = YES;
				GCC_C_LANGUAGE_STANDARD = gnu11;
				GCC_DYNAMIC_NO_PIC = NO;
				GCC_NO_COMMON_BLOCKS = YES;
				GCC_OPTIMIZATION_LEVEL = 0;
				GCC_PREPROCESSOR_DEFINITIONS = (
					"DEBUG=1",
					"$(inherited)",
				);
				GCC_WARN_64_TO_32_BIT_CONVERSION = YES;
				GCC_WARN_ABOUT_RETURN_TYPE = YES_ERROR;
				GCC_WARN_UNDECLARED_SELECTOR = YES;
				GCC_WARN_UNINITIALIZED_AUTOS = YES_AGGRESSIVE;
				GCC_WARN_UNUSED_FUNCTION = YES;
				GCC_WARN_UNUSED_VARIABLE = YES;
				IPHONEOS_DEPLOYMENT_TARGET = 13.6;
				MTL_ENABLE_DEBUG_INFO = INCLUDE_SOURCE;
				MTL_FAST_MATH = YES;
				ONLY_ACTIVE_ARCH = YES;
				SDKROOT = iphoneos;
				SWIFT_ACTIVE_COMPILATION_CONDITIONS = DEBUG;
				SWIFT_OPTIMIZATION_LEVEL = "-Onone";
			};
			name = Debug;
		};
		F702BA4E291A3C51005CF2F4 /* Release */ = {
			isa = XCBuildConfiguration;
			buildSettings = {
				ALWAYS_SEARCH_USER_PATHS = NO;
				CLANG_ANALYZER_NONNULL = YES;
				CLANG_ANALYZER_NUMBER_OBJECT_CONVERSION = YES_AGGRESSIVE;
				CLANG_CXX_LANGUAGE_STANDARD = "gnu++14";
				CLANG_CXX_LIBRARY = "libc++";
				CLANG_ENABLE_MODULES = YES;
				CLANG_ENABLE_OBJC_ARC = YES;
				CLANG_ENABLE_OBJC_WEAK = YES;
				CLANG_WARN_BLOCK_CAPTURE_AUTORELEASING = YES;
				CLANG_WARN_BOOL_CONVERSION = YES;
				CLANG_WARN_COMMA = YES;
				CLANG_WARN_CONSTANT_CONVERSION = YES;
				CLANG_WARN_DEPRECATED_OBJC_IMPLEMENTATIONS = YES;
				CLANG_WARN_DIRECT_OBJC_ISA_USAGE = YES_ERROR;
				CLANG_WARN_DOCUMENTATION_COMMENTS = YES;
				CLANG_WARN_EMPTY_BODY = YES;
				CLANG_WARN_ENUM_CONVERSION = YES;
				CLANG_WARN_INFINITE_RECURSION = YES;
				CLANG_WARN_INT_CONVERSION = YES;
				CLANG_WARN_NON_LITERAL_NULL_CONVERSION = YES;
				CLANG_WARN_OBJC_IMPLICIT_RETAIN_SELF = YES;
				CLANG_WARN_OBJC_LITERAL_CONVERSION = YES;
				CLANG_WARN_OBJC_ROOT_CLASS = YES_ERROR;
				CLANG_WARN_RANGE_LOOP_ANALYSIS = YES;
				CLANG_WARN_STRICT_PROTOTYPES = YES;
				CLANG_WARN_SUSPICIOUS_MOVE = YES;
				CLANG_WARN_UNGUARDED_AVAILABILITY = YES_AGGRESSIVE;
				CLANG_WARN_UNREACHABLE_CODE = YES;
				CLANG_WARN__DUPLICATE_METHOD_MATCH = YES;
				COPY_PHASE_STRIP = NO;
				DEBUG_INFORMATION_FORMAT = "dwarf-with-dsym";
				ENABLE_NS_ASSERTIONS = NO;
				ENABLE_STRICT_OBJC_MSGSEND = YES;
				GCC_C_LANGUAGE_STANDARD = gnu11;
				GCC_NO_COMMON_BLOCKS = YES;
				GCC_WARN_64_TO_32_BIT_CONVERSION = YES;
				GCC_WARN_ABOUT_RETURN_TYPE = YES_ERROR;
				GCC_WARN_UNDECLARED_SELECTOR = YES;
				GCC_WARN_UNINITIALIZED_AUTOS = YES_AGGRESSIVE;
				GCC_WARN_UNUSED_FUNCTION = YES;
				GCC_WARN_UNUSED_VARIABLE = YES;
				IPHONEOS_DEPLOYMENT_TARGET = 13.6;
				MTL_ENABLE_DEBUG_INFO = NO;
				MTL_FAST_MATH = YES;
				SDKROOT = iphoneos;
				SWIFT_COMPILATION_MODE = wholemodule;
				SWIFT_OPTIMIZATION_LEVEL = "-O";
				VALIDATE_PRODUCT = YES;
			};
			name = Release;
		};
		F702BA50291A3C51005CF2F4 /* Debug */ = {
			isa = XCBuildConfiguration;
			buildSettings = {
				ASSETCATALOG_COMPILER_APPICON_NAME = AppIcon;
				CODE_SIGN_STYLE = Automatic;
				DEVELOPMENT_TEAM = ML73UMRN9R;
				INFOPLIST_FILE = "SALT Technical Test App/Info.plist";
				LD_RUNPATH_SEARCH_PATHS = (
					"$(inherited)",
					"@executable_path/Frameworks",
				);
				PRODUCT_BUNDLE_IDENTIFIER = "dany.SALT-Technical-Test-App";
				PRODUCT_NAME = "$(TARGET_NAME)";
				SWIFT_VERSION = 5.0;
				TARGETED_DEVICE_FAMILY = 1;
			};
			name = Debug;
		};
		F702BA51291A3C51005CF2F4 /* Release */ = {
			isa = XCBuildConfiguration;
			buildSettings = {
				ASSETCATALOG_COMPILER_APPICON_NAME = AppIcon;
				CODE_SIGN_STYLE = Automatic;
				DEVELOPMENT_TEAM = ML73UMRN9R;
				INFOPLIST_FILE = "SALT Technical Test App/Info.plist";
				LD_RUNPATH_SEARCH_PATHS = (
					"$(inherited)",
					"@executable_path/Frameworks",
				);
				PRODUCT_BUNDLE_IDENTIFIER = "dany.SALT-Technical-Test-App";
				PRODUCT_NAME = "$(TARGET_NAME)";
				SWIFT_VERSION = 5.0;
				TARGETED_DEVICE_FAMILY = 1;
			};
			name = Release;
		};
/* End XCBuildConfiguration section */

/* Begin XCConfigurationList section */
		F702BA36291A3C4D005CF2F4 /* Build configuration list for PBXProject "SALT Technical Test App" */ = {
			isa = XCConfigurationList;
			buildConfigurations = (
				F702BA4D291A3C51005CF2F4 /* Debug */,
				F702BA4E291A3C51005CF2F4 /* Release */,
			);
			defaultConfigurationIsVisible = 0;
			defaultConfigurationName = Release;
		};
		F702BA4F291A3C51005CF2F4 /* Build configuration list for PBXNativeTarget "SALT Technical Test App" */ = {
			isa = XCConfigurationList;
			buildConfigurations = (
				F702BA50291A3C51005CF2F4 /* Debug */,
				F702BA51291A3C51005CF2F4 /* Release */,
			);
			defaultConfigurationIsVisible = 0;
			defaultConfigurationName = Release;
		};
/* End XCConfigurationList section */
	};
	rootObject = F702BA33291A3C4D005CF2F4 /* Project object */;
}
